
Microsoft Visual Studio Solution File, Format Version 12.00
# Visual Studio Version 16
VisualStudioVersion = 16.0.29102.190
MinimumVisualStudioVersion = 10.0.40219.1
Project("{FAE04EC0-301F-11D3-BF4B-00C04F79EFBC}") = "CalculationArrayAPI", "CalculationArrayAPI\CalculationArrayAPI.csproj", "{08984F89-3E27-48DB-8D97-0F36FA3FD4B3}"
EndProject
Project("{FAE04EC0-301F-11D3-BF4B-00C04F79EFBC}") = "CalculationArrayAPI.Tests", "CalculationArrayAPI.Tests\CalculationArrayAPI.Tests.csproj", "{ABCC2A58-C5E3-4D74-A2C8-C643CD659EBE}"
EndProject
Global
	GlobalSection(SolutionConfigurationPlatforms) = preSolution
		Debug|Any CPU = Debug|Any CPU
		Release|Any CPU = Release|Any CPU
	EndGlobalSection
	GlobalSection(ProjectConfigurationPlatforms) = postSolution
		{08984F89-3E27-48DB-8D97-0F36FA3FD4B3}.Debug|Any CPU.ActiveCfg = Debug|Any CPU
		{08984F89-3E27-48DB-8D97-0F36FA3FD4B3}.Debug|Any CPU.Build.0 = Debug|Any CPU
		{08984F89-3E27-48DB-8D97-0F36FA3FD4B3}.Release|Any CPU.ActiveCfg = Release|Any CPU
		{08984F89-3E27-48DB-8D97-0F36FA3FD4B3}.Release|Any CPU.Build.0 = Release|Any CPU
		{ABCC2A58-C5E3-4D74-A2C8-C643CD659EBE}.Debug|Any CPU.ActiveCfg = Debug|Any CPU
		{ABCC2A58-C5E3-4D74-A2C8-C643CD659EBE}.Debug|Any CPU.Build.0 = Debug|Any CPU
		{ABCC2A58-C5E3-4D74-A2C8-C643CD659EBE}.Release|Any CPU.ActiveCfg = Release|Any CPU
		{ABCC2A58-C5E3-4D74-A2C8-C643CD659EBE}.Release|Any CPU.Build.0 = Release|Any CPU
	EndGlobalSection
	GlobalSection(SolutionProperties) = preSolution
		HideSolutionNode = FALSE
	EndGlobalSection
	GlobalSection(ExtensibilityGlobals) = postSolution
		SolutionGuid = {48871E2C-A502-421F-B41B-BB705229C74B}
	EndGlobalSection
EndGlobal
